// !$*UTF8*$!
{
	archiveVersion = 1;
	classes = {
	};
	objectVersion = 56;
	objects = {

/* Begin PBXBuildFile section */
		D085123828FF1D91003FC6E4 /* InTimeAppApp.swift in Sources */ = {isa = PBXBuildFile; fileRef = D085123728FF1D91003FC6E4 /* InTimeAppApp.swift */; };
		D085123A28FF1D91003FC6E4 /* ContentView.swift in Sources */ = {isa = PBXBuildFile; fileRef = D085123928FF1D91003FC6E4 /* ContentView.swift */; };
		D085123C28FF1D92003FC6E4 /* Assets.xcassets in Resources */ = {isa = PBXBuildFile; fileRef = D085123B28FF1D92003FC6E4 /* Assets.xcassets */; };
		D085123F28FF1D92003FC6E4 /* Preview Assets.xcassets in Resources */ = {isa = PBXBuildFile; fileRef = D085123E28FF1D92003FC6E4 /* Preview Assets.xcassets */; };
		D085124128FF1D92003FC6E4 /* Persistence.swift in Sources */ = {isa = PBXBuildFile; fileRef = D085124028FF1D92003FC6E4 /* Persistence.swift */; };
		D085124428FF1D92003FC6E4 /* InTimeApp.xcdatamodeld in Sources */ = {isa = PBXBuildFile; fileRef = D085124228FF1D92003FC6E4 /* InTimeApp.xcdatamodeld */; };
		D085124F28FF1D92003FC6E4 /* InTimeAppTests.swift in Sources */ = {isa = PBXBuildFile; fileRef = D085124E28FF1D92003FC6E4 /* InTimeAppTests.swift */; };
		D085125928FF1D92003FC6E4 /* InTimeAppUITests.swift in Sources */ = {isa = PBXBuildFile; fileRef = D085125828FF1D92003FC6E4 /* InTimeAppUITests.swift */; };
		D085125B28FF1D92003FC6E4 /* InTimeAppUITestsLaunchTests.swift in Sources */ = {isa = PBXBuildFile; fileRef = D085125A28FF1D92003FC6E4 /* InTimeAppUITestsLaunchTests.swift */; };
		D085126928FF21F9003FC6E4 /* TaskListView.swift in Sources */ = {isa = PBXBuildFile; fileRef = D085126828FF21F9003FC6E4 /* TaskListView.swift */; };
		D085126B28FF2203003FC6E4 /* TaskEditView.swift in Sources */ = {isa = PBXBuildFile; fileRef = D085126A28FF2203003FC6E4 /* TaskEditView.swift */; };
		D085126D28FF221A003FC6E4 /* FloatingButton.swift in Sources */ = {isa = PBXBuildFile; fileRef = D085126C28FF221A003FC6E4 /* FloatingButton.swift */; };
		D085127128FF49E0003FC6E4 /* DateHolder.swift in Sources */ = {isa = PBXBuildFile; fileRef = D085127028FF49E0003FC6E4 /* DateHolder.swift */; };
/* End PBXBuildFile section */

/* Begin PBXContainerItemProxy section */
		D085124B28FF1D92003FC6E4 /* PBXContainerItemProxy */ = {
			isa = PBXContainerItemProxy;
			containerPortal = D085122C28FF1D90003FC6E4 /* Project object */;
			proxyType = 1;
			remoteGlobalIDString = D085123328FF1D90003FC6E4;
			remoteInfo = InTimeApp;
		};
		D085125528FF1D92003FC6E4 /* PBXContainerItemProxy */ = {
			isa = PBXContainerItemProxy;
			containerPortal = D085122C28FF1D90003FC6E4 /* Project object */;
			proxyType = 1;
			remoteGlobalIDString = D085123328FF1D90003FC6E4;
			remoteInfo = InTimeApp;
		};
/* End PBXContainerItemProxy section */

/* Begin PBXFileReference section */
		D085123428FF1D91003FC6E4 /* InTimeApp.app */ = {isa = PBXFileReference; explicitFileType = wrapper.application; includeInIndex = 0; path = InTimeApp.app; sourceTree = BUILT_PRODUCTS_DIR; };
		D085123728FF1D91003FC6E4 /* InTimeAppApp.swift */ = {isa = PBXFileReference; lastKnownFileType = sourcecode.swift; path = InTimeAppApp.swift; sourceTree = "<group>"; };
		D085123928FF1D91003FC6E4 /* ContentView.swift */ = {isa = PBXFileReference; lastKnownFileType = sourcecode.swift; path = ContentView.swift; sourceTree = "<group>"; };
		D085123B28FF1D92003FC6E4 /* Assets.xcassets */ = {isa = PBXFileReference; lastKnownFileType = folder.assetcatalog; path = Assets.xcassets; sourceTree = "<group>"; };
		D085123E28FF1D92003FC6E4 /* Preview Assets.xcassets */ = {isa = PBXFileReference; lastKnownFileType = folder.assetcatalog; path = "Preview Assets.xcassets"; sourceTree = "<group>"; };
		D085124028FF1D92003FC6E4 /* Persistence.swift */ = {isa = PBXFileReference; lastKnownFileType = sourcecode.swift; path = Persistence.swift; sourceTree = "<group>"; };
		D085124328FF1D92003FC6E4 /* InTimeApp.xcdatamodel */ = {isa = PBXFileReference; lastKnownFileType = wrapper.xcdatamodel; path = InTimeApp.xcdatamodel; sourceTree = "<group>"; };
		D085124528FF1D92003FC6E4 /* Info.plist */ = {isa = PBXFileReference; lastKnownFileType = text.plist.xml; path = Info.plist; sourceTree = "<group>"; };
		D085124A28FF1D92003FC6E4 /* InTimeAppTests.xctest */ = {isa = PBXFileReference; explicitFileType = wrapper.cfbundle; includeInIndex = 0; path = InTimeAppTests.xctest; sourceTree = BUILT_PRODUCTS_DIR; };
		D085124E28FF1D92003FC6E4 /* InTimeAppTests.swift */ = {isa = PBXFileReference; lastKnownFileType = sourcecode.swift; path = InTimeAppTests.swift; sourceTree = "<group>"; };
		D085125428FF1D92003FC6E4 /* InTimeAppUITests.xctest */ = {isa = PBXFileReference; explicitFileType = wrapper.cfbundle; includeInIndex = 0; path = InTimeAppUITests.xctest; sourceTree = BUILT_PRODUCTS_DIR; };
		D085125828FF1D92003FC6E4 /* InTimeAppUITests.swift */ = {isa = PBXFileReference; lastKnownFileType = sourcecode.swift; path = InTimeAppUITests.swift; sourceTree = "<group>"; };
		D085125A28FF1D92003FC6E4 /* InTimeAppUITestsLaunchTests.swift */ = {isa = PBXFileReference; lastKnownFileType = sourcecode.swift; path = InTimeAppUITestsLaunchTests.swift; sourceTree = "<group>"; };
		D085126828FF21F9003FC6E4 /* TaskListView.swift */ = {isa = PBXFileReference; lastKnownFileType = sourcecode.swift; path = TaskListView.swift; sourceTree = "<group>"; };
		D085126A28FF2203003FC6E4 /* TaskEditView.swift */ = {isa = PBXFileReference; lastKnownFileType = sourcecode.swift; path = TaskEditView.swift; sourceTree = "<group>"; };
		D085126C28FF221A003FC6E4 /* FloatingButton.swift */ = {isa = PBXFileReference; lastKnownFileType = sourcecode.swift; path = FloatingButton.swift; sourceTree = "<group>"; };
		D085127028FF49E0003FC6E4 /* DateHolder.swift */ = {isa = PBXFileReference; lastKnownFileType = sourcecode.swift; path = DateHolder.swift; sourceTree = "<group>"; };
/* End PBXFileReference section */

/* Begin PBXFrameworksBuildPhase section */
		D085123128FF1D90003FC6E4 /* Frameworks */ = {
			isa = PBXFrameworksBuildPhase;
			buildActionMask = 2147483647;
			files = (
			);
			runOnlyForDeploymentPostprocessing = 0;
		};
		D085124728FF1D92003FC6E4 /* Frameworks */ = {
			isa = PBXFrameworksBuildPhase;
			buildActionMask = 2147483647;
			files = (
			);
			runOnlyForDeploymentPostprocessing = 0;
		};
		D085125128FF1D92003FC6E4 /* Frameworks */ = {
			isa = PBXFrameworksBuildPhase;
			buildActionMask = 2147483647;
			files = (
			);
			runOnlyForDeploymentPostprocessing = 0;
		};
/* End PBXFrameworksBuildPhase section */

/* Begin PBXGroup section */
		D085122B28FF1D90003FC6E4 = {
			isa = PBXGroup;
			children = (
				D085123628FF1D91003FC6E4 /* InTimeApp */,
				D085124D28FF1D92003FC6E4 /* InTimeAppTests */,
				D085125728FF1D92003FC6E4 /* InTimeAppUITests */,
				D085123528FF1D91003FC6E4 /* Products */,
			);
			sourceTree = "<group>";
		};
		D085123528FF1D91003FC6E4 /* Products */ = {
			isa = PBXGroup;
			children = (
				D085123428FF1D91003FC6E4 /* InTimeApp.app */,
				D085124A28FF1D92003FC6E4 /* InTimeAppTests.xctest */,
				D085125428FF1D92003FC6E4 /* InTimeAppUITests.xctest */,
			);
			name = Products;
			sourceTree = "<group>";
		};
		D085123628FF1D91003FC6E4 /* InTimeApp */ = {
			isa = PBXGroup;
			children = (
				D085123728FF1D91003FC6E4 /* InTimeAppApp.swift */,
				D085126728FF21DC003FC6E4 /* Views */,
				D085126F28FF3207003FC6E4 /* Components */,
				D085126E28FF31EC003FC6E4 /* Model */,
				D085124028FF1D92003FC6E4 /* Persistence.swift */,
				D085123B28FF1D92003FC6E4 /* Assets.xcassets */,
				D085124528FF1D92003FC6E4 /* Info.plist */,
				D085124228FF1D92003FC6E4 /* InTimeApp.xcdatamodeld */,
				D085123D28FF1D92003FC6E4 /* Preview Content */,
				D085127028FF49E0003FC6E4 /* DateHolder.swift */,
			);
			path = InTimeApp;
			sourceTree = "<group>";
		};
		D085123D28FF1D92003FC6E4 /* Preview Content */ = {
			isa = PBXGroup;
			children = (
				D085123E28FF1D92003FC6E4 /* Preview Assets.xcassets */,
			);
			path = "Preview Content";
			sourceTree = "<group>";
		};
		D085124D28FF1D92003FC6E4 /* InTimeAppTests */ = {
			isa = PBXGroup;
			children = (
				D085124E28FF1D92003FC6E4 /* InTimeAppTests.swift */,
			);
			path = InTimeAppTests;
			sourceTree = "<group>";
		};
		D085125728FF1D92003FC6E4 /* InTimeAppUITests */ = {
			isa = PBXGroup;
			children = (
				D085125828FF1D92003FC6E4 /* InTimeAppUITests.swift */,
				D085125A28FF1D92003FC6E4 /* InTimeAppUITestsLaunchTests.swift */,
			);
			path = InTimeAppUITests;
			sourceTree = "<group>";
		};
		D085126728FF21DC003FC6E4 /* Views */ = {
			isa = PBXGroup;
			children = (
				D085123928FF1D91003FC6E4 /* ContentView.swift */,
				D085126828FF21F9003FC6E4 /* TaskListView.swift */,
				D085126A28FF2203003FC6E4 /* TaskEditView.swift */,
			);
			path = Views;
			sourceTree = "<group>";
		};
		D085126E28FF31EC003FC6E4 /* Model */ = {
			isa = PBXGroup;
			children = (
			);
			path = Model;
			sourceTree = "<group>";
		};
		D085126F28FF3207003FC6E4 /* Components */ = {
			isa = PBXGroup;
			children = (
				D085126C28FF221A003FC6E4 /* FloatingButton.swift */,
			);
			path = Components;
			sourceTree = "<group>";
		};
/* End PBXGroup section */

/* Begin PBXNativeTarget section */
		D085123328FF1D90003FC6E4 /* InTimeApp */ = {
			isa = PBXNativeTarget;
			buildConfigurationList = D085125E28FF1D92003FC6E4 /* Build configuration list for PBXNativeTarget "InTimeApp" */;
			buildPhases = (
				D085123028FF1D90003FC6E4 /* Sources */,
				D085123128FF1D90003FC6E4 /* Frameworks */,
				D085123228FF1D90003FC6E4 /* Resources */,
			);
			buildRules = (
			);
			dependencies = (
			);
			name = InTimeApp;
			productName = InTimeApp;
			productReference = D085123428FF1D91003FC6E4 /* InTimeApp.app */;
			productType = "com.apple.product-type.application";
		};
		D085124928FF1D92003FC6E4 /* InTimeAppTests */ = {
			isa = PBXNativeTarget;
			buildConfigurationList = D085126128FF1D92003FC6E4 /* Build configuration list for PBXNativeTarget "InTimeAppTests" */;
			buildPhases = (
				D085124628FF1D92003FC6E4 /* Sources */,
				D085124728FF1D92003FC6E4 /* Frameworks */,
				D085124828FF1D92003FC6E4 /* Resources */,
			);
			buildRules = (
			);
			dependencies = (
				D085124C28FF1D92003FC6E4 /* PBXTargetDependency */,
			);
			name = InTimeAppTests;
			productName = InTimeAppTests;
			productReference = D085124A28FF1D92003FC6E4 /* InTimeAppTests.xctest */;
			productType = "com.apple.product-type.bundle.unit-test";
		};
		D085125328FF1D92003FC6E4 /* InTimeAppUITests */ = {
			isa = PBXNativeTarget;
			buildConfigurationList = D085126428FF1D92003FC6E4 /* Build configuration list for PBXNativeTarget "InTimeAppUITests" */;
			buildPhases = (
				D085125028FF1D92003FC6E4 /* Sources */,
				D085125128FF1D92003FC6E4 /* Frameworks */,
				D085125228FF1D92003FC6E4 /* Resources */,
			);
			buildRules = (
			);
			dependencies = (
				D085125628FF1D92003FC6E4 /* PBXTargetDependency */,
			);
			name = InTimeAppUITests;
			productName = InTimeAppUITests;
			productReference = D085125428FF1D92003FC6E4 /* InTimeAppUITests.xctest */;
			productType = "com.apple.product-type.bundle.ui-testing";
		};
/* End PBXNativeTarget section */

/* Begin PBXProject section */
		D085122C28FF1D90003FC6E4 /* Project object */ = {
			isa = PBXProject;
			attributes = {
				BuildIndependentTargetsInParallel = 1;
				LastSwiftUpdateCheck = 1400;
				LastUpgradeCheck = 1400;
				TargetAttributes = {
					D085123328FF1D90003FC6E4 = {
						CreatedOnToolsVersion = 14.0.1;
					};
					D085124928FF1D92003FC6E4 = {
						CreatedOnToolsVersion = 14.0.1;
						TestTargetID = D085123328FF1D90003FC6E4;
					};
					D085125328FF1D92003FC6E4 = {
						CreatedOnToolsVersion = 14.0.1;
						TestTargetID = D085123328FF1D90003FC6E4;
					};
				};
			};
			buildConfigurationList = D085122F28FF1D90003FC6E4 /* Build configuration list for PBXProject "InTimeApp" */;
			compatibilityVersion = "Xcode 14.0";
			developmentRegion = en;
			hasScannedForEncodings = 0;
			knownRegions = (
				en,
				Base,
			);
			mainGroup = D085122B28FF1D90003FC6E4;
			productRefGroup = D085123528FF1D91003FC6E4 /* Products */;
			projectDirPath = "";
			projectRoot = "";
			targets = (
				D085123328FF1D90003FC6E4 /* InTimeApp */,
				D085124928FF1D92003FC6E4 /* InTimeAppTests */,
				D085125328FF1D92003FC6E4 /* InTimeAppUITests */,
			);
		};
/* End PBXProject section */

/* Begin PBXResourcesBuildPhase section */
		D085123228FF1D90003FC6E4 /* Resources */ = {
			isa = PBXResourcesBuildPhase;
			buildActionMask = 2147483647;
			files = (
				D085123F28FF1D92003FC6E4 /* Preview Assets.xcassets in Resources */,
				D085123C28FF1D92003FC6E4 /* Assets.xcassets in Resources */,
			);
			runOnlyForDeploymentPostprocessing = 0;
		};
		D085124828FF1D92003FC6E4 /* Resources */ = {
			isa = PBXResourcesBuildPhase;
			buildActionMask = 2147483647;
			files = (
			);
			runOnlyForDeploymentPostprocessing = 0;
		};
		D085125228FF1D92003FC6E4 /* Resources */ = {
			isa = PBXResourcesBuildPhase;
			buildActionMask = 2147483647;
			files = (
			);
			runOnlyForDeploymentPostprocessing = 0;
		};
/* End PBXResourcesBuildPhase section */

/* Begin PBXSourcesBuildPhase section */
		D085123028FF1D90003FC6E4 /* Sources */ = {
			isa = PBXSourcesBuildPhase;
			buildActionMask = 2147483647;
			files = (
				D085124128FF1D92003FC6E4 /* Persistence.swift in Sources */,
				D085124428FF1D92003FC6E4 /* InTimeApp.xcdatamodeld in Sources */,
				D085126D28FF221A003FC6E4 /* FloatingButton.swift in Sources */,
				D085126928FF21F9003FC6E4 /* TaskListView.swift in Sources */,
				D085126B28FF2203003FC6E4 /* TaskEditView.swift in Sources */,
				D085123A28FF1D91003FC6E4 /* ContentView.swift in Sources */,
				D085123828FF1D91003FC6E4 /* InTimeAppApp.swift in Sources */,
				D085127128FF49E0003FC6E4 /* DateHolder.swift in Sources */,
			);
			runOnlyForDeploymentPostprocessing = 0;
		};
		D085124628FF1D92003FC6E4 /* Sources */ = {
			isa = PBXSourcesBuildPhase;
			buildActionMask = 2147483647;
			files = (
				D085124F28FF1D92003FC6E4 /* InTimeAppTests.swift in Sources */,
			);
			runOnlyForDeploymentPostprocessing = 0;
		};
		D085125028FF1D92003FC6E4 /* Sources */ = {
			isa = PBXSourcesBuildPhase;
			buildActionMask = 2147483647;
			files = (
				D085125B28FF1D92003FC6E4 /* InTimeAppUITestsLaunchTests.swift in Sources */,
				D085125928FF1D92003FC6E4 /* InTimeAppUITests.swift in Sources */,
			);
			runOnlyForDeploymentPostprocessing = 0;
		};
/* End PBXSourcesBuildPhase section */

/* Begin PBXTargetDependency section */
		D085124C28FF1D92003FC6E4 /* PBXTargetDependency */ = {
			isa = PBXTargetDependency;
			target = D085123328FF1D90003FC6E4 /* InTimeApp */;
			targetProxy = D085124B28FF1D92003FC6E4 /* PBXContainerItemProxy */;
		};
		D085125628FF1D92003FC6E4 /* PBXTargetDependency */ = {
			isa = PBXTargetDependency;
			target = D085123328FF1D90003FC6E4 /* InTimeApp */;
			targetProxy = D085125528FF1D92003FC6E4 /* PBXContainerItemProxy */;
		};
/* End PBXTargetDependency section */

/* Begin XCBuildConfiguration section */
		D085125C28FF1D92003FC6E4 /* Debug */ = {
			isa = XCBuildConfiguration;
			buildSettings = {
				ALWAYS_SEARCH_USER_PATHS = NO;
				CLANG_ANALYZER_NONNULL = YES;
				CLANG_ANALYZER_NUMBER_OBJECT_CONVERSION = YES_AGGRESSIVE;
				CLANG_CXX_LANGUAGE_STANDARD = "gnu++20";
				CLANG_ENABLE_MODULES = YES;
				CLANG_ENABLE_OBJC_ARC = YES;
				CLANG_ENABLE_OBJC_WEAK = YES;
				CLANG_WARN_BLOCK_CAPTURE_AUTORELEASING = YES;
				CLANG_WARN_BOOL_CONVERSION = YES;
				CLANG_WARN_COMMA = YES;
				CLANG_WARN_CONSTANT_CONVERSION = YES;
				CLANG_WARN_DEPRECATED_OBJC_IMPLEMENTATIONS = YES;
				CLANG_WARN_DIRECT_OBJC_ISA_USAGE = YES_ERROR;
				CLANG_WARN_DOCUMENTATION_COMMENTS = YES;
				CLANG_WARN_EMPTY_BODY = YES;
				CLANG_WARN_ENUM_CONVERSION = YES;
				CLANG_WARN_INFINITE_RECURSION = YES;
				CLANG_WARN_INT_CONVERSION = YES;
				CLANG_WARN_NON_LITERAL_NULL_CONVERSION = YES;
				CLANG_WARN_OBJC_IMPLICIT_RETAIN_SELF = YES;
				CLANG_WARN_OBJC_LITERAL_CONVERSION = YES;
				CLANG_WARN_OBJC_ROOT_CLASS = YES_ERROR;
				CLANG_WARN_QUOTED_INCLUDE_IN_FRAMEWORK_HEADER = YES;
				CLANG_WARN_RANGE_LOOP_ANALYSIS = YES;
				CLANG_WARN_STRICT_PROTOTYPES = YES;
				CLANG_WARN_SUSPICIOUS_MOVE = YES;
				CLANG_WARN_UNGUARDED_AVAILABILITY = YES_AGGRESSIVE;
				CLANG_WARN_UNREACHABLE_CODE = YES;
				CLANG_WARN__DUPLICATE_METHOD_MATCH = YES;
				COPY_PHASE_STRIP = NO;
				DEBUG_INFORMATION_FORMAT = dwarf;
				ENABLE_STRICT_OBJC_MSGSEND = YES;
				ENABLE_TESTABILITY = YES;
				GCC_C_LANGUAGE_STANDARD = gnu11;
				GCC_DYNAMIC_NO_PIC = NO;
				GCC_NO_COMMON_BLOCKS = YES;
				GCC_OPTIMIZATION_LEVEL = 0;
				GCC_PREPROCESSOR_DEFINITIONS = (
					"DEBUG=1",
					"$(inherited)",
				);
				GCC_WARN_64_TO_32_BIT_CONVERSION = YES;
				GCC_WARN_ABOUT_RETURN_TYPE = YES_ERROR;
				GCC_WARN_UNDECLARED_SELECTOR = YES;
				GCC_WARN_UNINITIALIZED_AUTOS = YES_AGGRESSIVE;
				GCC_WARN_UNUSED_FUNCTION = YES;
				GCC_WARN_UNUSED_VARIABLE = YES;
				IPHONEOS_DEPLOYMENT_TARGET = 16.0;
				MTL_ENABLE_DEBUG_INFO = INCLUDE_SOURCE;
				MTL_FAST_MATH = YES;
				ONLY_ACTIVE_ARCH = YES;
				SDKROOT = iphoneos;
				SWIFT_ACTIVE_COMPILATION_CONDITIONS = DEBUG;
				SWIFT_OPTIMIZATION_LEVEL = "-Onone";
			};
			name = Debug;
		};
		D085125D28FF1D92003FC6E4 /* Release */ = {
			isa = XCBuildConfiguration;
			buildSettings = {
				ALWAYS_SEARCH_USER_PATHS = NO;
				CLANG_ANALYZER_NONNULL = YES;
				CLANG_ANALYZER_NUMBER_OBJECT_CONVERSION = YES_AGGRESSIVE;
				CLANG_CXX_LANGUAGE_STANDARD = "gnu++20";
				CLANG_ENABLE_MODULES = YES;
				CLANG_ENABLE_OBJC_ARC = YES;
				CLANG_ENABLE_OBJC_WEAK = YES;
				CLANG_WARN_BLOCK_CAPTURE_AUTORELEASING = YES;
				CLANG_WARN_BOOL_CONVERSION = YES;
				CLANG_WARN_COMMA = YES;
				CLANG_WARN_CONSTANT_CONVERSION = YES;
				CLANG_WARN_DEPRECATED_OBJC_IMPLEMENTATIONS = YES;
				CLANG_WARN_DIRECT_OBJC_ISA_USAGE = YES_ERROR;
				CLANG_WARN_DOCUMENTATION_COMMENTS = YES;
				CLANG_WARN_EMPTY_BODY = YES;
				CLANG_WARN_ENUM_CONVERSION = YES;
				CLANG_WARN_INFINITE_RECURSION = YES;
				CLANG_WARN_INT_CONVERSION = YES;
				CLANG_WARN_NON_LITERAL_NULL_CONVERSION = YES;
				CLANG_WARN_OBJC_IMPLICIT_RETAIN_SELF = YES;
				CLANG_WARN_OBJC_LITERAL_CONVERSION = YES;
				CLANG_WARN_OBJC_ROOT_CLASS = YES_ERROR;
				CLANG_WARN_QUOTED_INCLUDE_IN_FRAMEWORK_HEADER = YES;
				CLANG_WARN_RANGE_LOOP_ANALYSIS = YES;
				CLANG_WARN_STRICT_PROTOTYPES = YES;
				CLANG_WARN_SUSPICIOUS_MOVE = YES;
				CLANG_WARN_UNGUARDED_AVAILABILITY = YES_AGGRESSIVE;
				CLANG_WARN_UNREACHABLE_CODE = YES;
				CLANG_WARN__DUPLICATE_METHOD_MATCH = YES;
				COPY_PHASE_STRIP = NO;
				DEBUG_INFORMATION_FORMAT = "dwarf-with-dsym";
				ENABLE_NS_ASSERTIONS = NO;
				ENABLE_STRICT_OBJC_MSGSEND = YES;
				GCC_C_LANGUAGE_STANDARD = gnu11;
				GCC_NO_COMMON_BLOCKS = YES;
				GCC_WARN_64_TO_32_BIT_CONVERSION = YES;
				GCC_WARN_ABOUT_RETURN_TYPE = YES_ERROR;
				GCC_WARN_UNDECLARED_SELECTOR = YES;
				GCC_WARN_UNINITIALIZED_AUTOS = YES_AGGRESSIVE;
				GCC_WARN_UNUSED_FUNCTION = YES;
				GCC_WARN_UNUSED_VARIABLE = YES;
				IPHONEOS_DEPLOYMENT_TARGET = 16.0;
				MTL_ENABLE_DEBUG_INFO = NO;
				MTL_FAST_MATH = YES;
				SDKROOT = iphoneos;
				SWIFT_COMPILATION_MODE = wholemodule;
				SWIFT_OPTIMIZATION_LEVEL = "-O";
				VALIDATE_PRODUCT = YES;
			};
			name = Release;
		};
		D085125F28FF1D92003FC6E4 /* Debug */ = {
			isa = XCBuildConfiguration;
			buildSettings = {
				ASSETCATALOG_COMPILER_APPICON_NAME = AppIcon;
				ASSETCATALOG_COMPILER_GLOBAL_ACCENT_COLOR_NAME = AccentColor;
				CODE_SIGN_STYLE = Automatic;
				CURRENT_PROJECT_VERSION = 1;
				DEVELOPMENT_ASSET_PATHS = "\"InTimeApp/Preview Content\"";
				DEVELOPMENT_TEAM = FFJ9QB7DY7;
				ENABLE_PREVIEWS = YES;
				GENERATE_INFOPLIST_FILE = YES;
				INFOPLIST_KEY_CFBundleDisplayName = InTime;
				INFOPLIST_KEY_LSApplicationCategoryType = "public.app-category.productivity";
				INFOPLIST_KEY_UIApplicationSceneManifest_Generation = YES;
				INFOPLIST_KEY_UIApplicationSupportsIndirectInputEvents = YES;
				INFOPLIST_KEY_UILaunchScreen_Generation = YES;
				INFOPLIST_KEY_UISupportedInterfaceOrientations = UIInterfaceOrientationPortrait;
				INFOPLIST_KEY_UISupportedInterfaceOrientations_iPad = "UIInterfaceOrientationLandscapeLeft UIInterfaceOrientationLandscapeRight UIInterfaceOrientationPortrait UIInterfaceOrientationPortraitUpsideDown";
				LD_RUNPATH_SEARCH_PATHS = (
					"$(inherited)",
					"@executable_path/Frameworks",
				);
				MARKETING_VERSION = 1.0;
				PRODUCT_BUNDLE_IDENTIFIER = pt.dev.carlosdmcorreia.InTimeApp;
				PRODUCT_NAME = "$(TARGET_NAME)";
				SWIFT_EMIT_LOC_STRINGS = YES;
				SWIFT_VERSION = 5.0;
				TARGETED_DEVICE_FAMILY = "1,2";
			};
			name = Debug;
		};
		D085126028FF1D92003FC6E4 /* Release */ = {
			isa = XCBuildConfiguration;
			buildSettings = {
				ASSETCATALOG_COMPILER_APPICON_NAME = AppIcon;
				ASSETCATALOG_COMPILER_GLOBAL_ACCENT_COLOR_NAME = AccentColor;
				CODE_SIGN_STYLE = Automatic;
				CURRENT_PROJECT_VERSION = 1;
				DEVELOPMENT_ASSET_PATHS = "\"InTimeApp/Preview Content\"";
				DEVELOPMENT_TEAM = FFJ9QB7DY7;
				ENABLE_PREVIEWS = YES;
				GENERATE_INFOPLIST_FILE = YES;
				INFOPLIST_KEY_CFBundleDisplayName = InTime;
				INFOPLIST_KEY_LSApplicationCategoryType = "public.app-category.productivity";
				INFOPLIST_KEY_UIApplicationSceneManifest_Generation = YES;
				INFOPLIST_KEY_UIApplicationSupportsIndirectInputEvents = YES;
				INFOPLIST_KEY_UILaunchScreen_Generation = YES;
				INFOPLIST_KEY_UISupportedInterfaceOrientations = UIInterfaceOrientationPortrait;
				INFOPLIST_KEY_UISupportedInterfaceOrientations_iPad = "UIInterfaceOrientationLandscapeLeft UIInterfaceOrientationLandscapeRight UIInterfaceOrientationPortrait UIInterfaceOrientationPortraitUpsideDown";
				LD_RUNPATH_SEARCH_PATHS = (
					"$(inherited)",
					"@executable_path/Frameworks",
				);
				MARKETING_VERSION = 1.0;
				PRODUCT_BUNDLE_IDENTIFIER = pt.dev.carlosdmcorreia.InTimeApp;
				PRODUCT_NAME = "$(TARGET_NAME)";
				SWIFT_EMIT_LOC_STRINGS = YES;
				SWIFT_VERSION = 5.0;
				TARGETED_DEVICE_FAMILY = "1,2";
			};
			name = Release;
		};
		D085126228FF1D92003FC6E4 /* Debug */ = {
			isa = XCBuildConfiguration;
			buildSettings = {
				ALWAYS_EMBED_SWIFT_STANDARD_LIBRARIES = YES;
				BUNDLE_LOADER = "$(TEST_HOST)";
				CODE_SIGN_STYLE = Automatic;
				CURRENT_PROJECT_VERSION = 1;
				DEVELOPMENT_TEAM = FFJ9QB7DY7;
				GENERATE_INFOPLIST_FILE = YES;
				IPHONEOS_DEPLOYMENT_TARGET = 16.0;
				MARKETING_VERSION = 1.0;
				PRODUCT_BUNDLE_IDENTIFIER = pt.dev.carlosdmcorreia.InTimeAppTests;
				PRODUCT_NAME = "$(TARGET_NAME)";
				SWIFT_EMIT_LOC_STRINGS = NO;
				SWIFT_VERSION = 5.0;
				TARGETED_DEVICE_FAMILY = "1,2";
				TEST_HOST = "$(BUILT_PRODUCTS_DIR)/InTimeApp.app/$(BUNDLE_EXECUTABLE_FOLDER_PATH)/InTimeApp";
			};
			name = Debug;
		};
		D085126328FF1D92003FC6E4 /* Release */ = {
			isa = XCBuildConfiguration;
			buildSettings = {
				ALWAYS_EMBED_SWIFT_STANDARD_LIBRARIES = YES;
				BUNDLE_LOADER = "$(TEST_HOST)";
				CODE_SIGN_STYLE = Automatic;
				CURRENT_PROJECT_VERSION = 1;
				DEVELOPMENT_TEAM = FFJ9QB7DY7;
				GENERATE_INFOPLIST_FILE = YES;
				IPHONEOS_DEPLOYMENT_TARGET = 16.0;
				MARKETING_VERSION = 1.0;
				PRODUCT_BUNDLE_IDENTIFIER = pt.dev.carlosdmcorreia.InTimeAppTests;
				PRODUCT_NAME = "$(TARGET_NAME)";
				SWIFT_EMIT_LOC_STRINGS = NO;
				SWIFT_VERSION = 5.0;
				TARGETED_DEVICE_FAMILY = "1,2";
				TEST_HOST = "$(BUILT_PRODUCTS_DIR)/InTimeApp.app/$(BUNDLE_EXECUTABLE_FOLDER_PATH)/InTimeApp";
			};
			name = Release;
		};
		D085126528FF1D92003FC6E4 /* Debug */ = {
			isa = XCBuildConfiguration;
			buildSettings = {
				ALWAYS_EMBED_SWIFT_STANDARD_LIBRARIES = YES;
				CODE_SIGN_STYLE = Automatic;
				CURRENT_PROJECT_VERSION = 1;
				DEVELOPMENT_TEAM = FFJ9QB7DY7;
				GENERATE_INFOPLIST_FILE = YES;
				MARKETING_VERSION = 1.0;
				PRODUCT_BUNDLE_IDENTIFIER = pt.dev.carlosdmcorreia.InTimeAppUITests;
				PRODUCT_NAME = "$(TARGET_NAME)";
				SWIFT_EMIT_LOC_STRINGS = NO;
				SWIFT_VERSION = 5.0;
				TARGETED_DEVICE_FAMILY = "1,2";
				TEST_TARGET_NAME = InTimeApp;
			};
			name = Debug;
		};
		D085126628FF1D92003FC6E4 /* Release */ = {
			isa = XCBuildConfiguration;
			buildSettings = {
				ALWAYS_EMBED_SWIFT_STANDARD_LIBRARIES = YES;
				CODE_SIGN_STYLE = Automatic;
				CURRENT_PROJECT_VERSION = 1;
				DEVELOPMENT_TEAM = FFJ9QB7DY7;
				GENERATE_INFOPLIST_FILE = YES;
				MARKETING_VERSION = 1.0;
				PRODUCT_BUNDLE_IDENTIFIER = pt.dev.carlosdmcorreia.InTimeAppUITests;
				PRODUCT_NAME = "$(TARGET_NAME)";
				SWIFT_EMIT_LOC_STRINGS = NO;
				SWIFT_VERSION = 5.0;
				TARGETED_DEVICE_FAMILY = "1,2";
				TEST_TARGET_NAME = InTimeApp;
			};
			name = Release;
		};
/* End XCBuildConfiguration section */

/* Begin XCConfigurationList section */
		D085122F28FF1D90003FC6E4 /* Build configuration list for PBXProject "InTimeApp" */ = {
			isa = XCConfigurationList;
			buildConfigurations = (
				D085125C28FF1D92003FC6E4 /* Debug */,
				D085125D28FF1D92003FC6E4 /* Release */,
			);
			defaultConfigurationIsVisible = 0;
			defaultConfigurationName = Release;
		};
		D085125E28FF1D92003FC6E4 /* Build configuration list for PBXNativeTarget "InTimeApp" */ = {
			isa = XCConfigurationList;
			buildConfigurations = (
				D085125F28FF1D92003FC6E4 /* Debug */,
				D085126028FF1D92003FC6E4 /* Release */,
			);
			defaultConfigurationIsVisible = 0;
			defaultConfigurationName = Release;
		};
		D085126128FF1D92003FC6E4 /* Build configuration list for PBXNativeTarget "InTimeAppTests" */ = {
			isa = XCConfigurationList;
			buildConfigurations = (
				D085126228FF1D92003FC6E4 /* Debug */,
				D085126328FF1D92003FC6E4 /* Release */,
			);
			defaultConfigurationIsVisible = 0;
			defaultConfigurationName = Release;
		};
		D085126428FF1D92003FC6E4 /* Build configuration list for PBXNativeTarget "InTimeAppUITests" */ = {
			isa = XCConfigurationList;
			buildConfigurations = (
				D085126528FF1D92003FC6E4 /* Debug */,
				D085126628FF1D92003FC6E4 /* Release */,
			);
			defaultConfigurationIsVisible = 0;
			defaultConfigurationName = Release;
		};
/* End XCConfigurationList section */

/* Begin XCVersionGroup section */
		D085124228FF1D92003FC6E4 /* InTimeApp.xcdatamodeld */ = {
			isa = XCVersionGroup;
			children = (
				D085124328FF1D92003FC6E4 /* InTimeApp.xcdatamodel */,
			);
			currentVersion = D085124328FF1D92003FC6E4 /* InTimeApp.xcdatamodel */;
			path = InTimeApp.xcdatamodeld;
			sourceTree = "<group>";
			versionGroupType = wrapper.xcdatamodel;
		};
/* End XCVersionGroup section */
	};
	rootObject = D085122C28FF1D90003FC6E4 /* Project object */;
}
